
Microsoft Visual Studio Solution File, Format Version 12.00
# Visual Studio Version 17
VisualStudioVersion = 17.14.36109.1 d17.14
MinimumVisualStudioVersion = 10.0.40219.1
Project("{FAE04EC0-301F-11D3-BF4B-00C04F79EFBC}") = "ChatP2P.UI.MD", "ChatP2P.UI.MD\ChatP2P.UI.MD.csproj", "{1BA45C91-D4DA-4E54-8526-48D35ACB07BB}"
EndProject
Global
	GlobalSection(SolutionConfigurationPlatforms) = preSolution
		Debug|Any CPU = Debug|Any CPU
		Release|Any CPU = Release|Any CPU
	EndGlobalSection
	GlobalSection(ProjectConfigurationPlatforms) = postSolution
		{1BA45C91-D4DA-4E54-8526-48D35ACB07BB}.Debug|Any CPU.ActiveCfg = Debug|Any CPU
		{1BA45C91-D4DA-4E54-8526-48D35ACB07BB}.Debug|Any CPU.Build.0 = Debug|Any CPU
		{1BA45C91-D4DA-4E54-8526-48D35ACB07BB}.Release|Any CPU.ActiveCfg = Release|Any CPU
		{1BA45C91-D4DA-4E54-8526-48D35ACB07BB}.Release|Any CPU.Build.0 = Release|Any CPU
	EndGlobalSection
	GlobalSection(SolutionProperties) = preSolution
		HideSolutionNode = FALSE
	EndGlobalSection
	GlobalSection(ExtensibilityGlobals) = postSolution
		SolutionGuid = {3789A393-7770-406A-88D8-D110BE24FFAC}
	EndGlobalSection
EndGlobal
